
Microsoft Visual Studio Solution File, Format Version 12.00
# Visual Studio Version 16
VisualStudioVersion = 16.0.29519.87
MinimumVisualStudioVersion = 10.0.40219.1
Project("{FAE04EC0-301F-11D3-BF4B-00C04F79EFBC}") = "Task1", "Task1\Task1.csproj", "{E4251502-AA7C-4E29-9CF4-6BDCB807BF4B}"
EndProject
Global
	GlobalSection(SolutionConfigurationPlatforms) = preSolution
		Debug|Any CPU = Debug|Any CPU
		Release|Any CPU = Release|Any CPU
	EndGlobalSection
	GlobalSection(ProjectConfigurationPlatforms) = postSolution
		{E4251502-AA7C-4E29-9CF4-6BDCB807BF4B}.Debug|Any CPU.ActiveCfg = Debug|Any CPU
		{E4251502-AA7C-4E29-9CF4-6BDCB807BF4B}.Debug|Any CPU.Build.0 = Debug|Any CPU
		{E4251502-AA7C-4E29-9CF4-6BDCB807BF4B}.Release|Any CPU.ActiveCfg = Release|Any CPU
		{E4251502-AA7C-4E29-9CF4-6BDCB807BF4B}.Release|Any CPU.Build.0 = Release|Any CPU
	EndGlobalSection
	GlobalSection(SolutionProperties) = preSolution
		HideSolutionNode = FALSE
	EndGlobalSection
	GlobalSection(ExtensibilityGlobals) = postSolution
		SolutionGuid = {7126C540-3CC7-4505-9F5F-79C07DCFACB8}
	EndGlobalSection
EndGlobal
